PODS:
  - EigenCPPCocoa (3.4.0)
  - PoissonRecon (9.011)
  - scsdk (1.0.0):
    - EigenCPPCocoa (~> 3.4.0)
  - SSZipArchive (2.4.3)

DEPENDENCIES:
  - PoissonRecon (from `RHLwoundcare/PoissonRecon.podspec`)
  - scsdk (from `scsdk/`)
  - SSZipArchive

SPEC REPOS:
  https://github.com/CocoaPods/Specs.git:
    - EigenCPPCocoa
    - SSZipArchive

EXTERNAL SOURCES:
  PoissonRecon:
    :podspec: RHLwoundcare/PoissonRecon.podspec
  scsdk:
    :path: scsdk/

CHECKOUT OPTIONS:
  PoissonRecon:
    :commit: 9f30316c1b247736654652c72e06b3f0db2e79ed
    :git: "git@github.com:RHLwoundcare/PoissonRecon.git"

SPEC CHECKSUMS:
  EigenCPPCocoa: 4b79c92db8d6e634c34e28e3cf5e97ba1ab100b5
  PoissonRecon: 80674507001fec81666c982732f66d6ceb71d54c
  scsdk: 367fb0c8e1760efefe6cff3335fd597281d4a2d9
  SSZipArchive: fe6a26b2a54d5a0890f2567b5cc6de5caa600aef

PODFILE CHECKSUM: 53a741306b2a6df97166e3f1b9cf7c09187257b3

COCOAPODS: 1.16.2
